// !$*UTF8*$!
{
	archiveVersion = 1;
	classes = {
	};
	objectVersion = 56;
	objects = {

/* Begin PBXBuildFile section */
		325476032B02DE870049C1A8 /* IBKeywordSearchApp.swift in Sources */ = {isa = PBXBuildFile; fileRef = 325476022B02DE870049C1A8 /* IBKeywordSearchApp.swift */; };
		325476052B02DE870049C1A8 /* ContentView.swift in Sources */ = {isa = PBXBuildFile; fileRef = 325476042B02DE870049C1A8 /* ContentView.swift */; };
		325476072B02DE8A0049C1A8 /* Assets.xcassets in Resources */ = {isa = PBXBuildFile; fileRef = 325476062B02DE8A0049C1A8 /* Assets.xcassets */; };
		3254760B2B02DE8A0049C1A8 /* Preview Assets.xcassets in Resources */ = {isa = PBXBuildFile; fileRef = 3254760A2B02DE8A0049C1A8 /* Preview Assets.xcassets */; };
		325476152B02DE8A0049C1A8 /* IBKeywordSearchTests.swift in Sources */ = {isa = PBXBuildFile; fileRef = 325476142B02DE8A0049C1A8 /* IBKeywordSearchTests.swift */; };
		3254761F2B02DE8A0049C1A8 /* IBKeywordSearchUITests.swift in Sources */ = {isa = PBXBuildFile; fileRef = 3254761E2B02DE8A0049C1A8 /* IBKeywordSearchUITests.swift */; };
		325476212B02DE8A0049C1A8 /* IBKeywordSearchUITestsLaunchTests.swift in Sources */ = {isa = PBXBuildFile; fileRef = 325476202B02DE8A0049C1A8 /* IBKeywordSearchUITestsLaunchTests.swift */; };
/* End PBXBuildFile section */

/* Begin PBXContainerItemProxy section */
		325476112B02DE8A0049C1A8 /* PBXContainerItemProxy */ = {
			isa = PBXContainerItemProxy;
			containerPortal = 325475F72B02DE870049C1A8 /* Project object */;
			proxyType = 1;
			remoteGlobalIDString = 325475FE2B02DE870049C1A8;
			remoteInfo = IBKeywordSearch;
		};
		3254761B2B02DE8A0049C1A8 /* PBXContainerItemProxy */ = {
			isa = PBXContainerItemProxy;
			containerPortal = 325475F72B02DE870049C1A8 /* Project object */;
			proxyType = 1;
			remoteGlobalIDString = 325475FE2B02DE870049C1A8;
			remoteInfo = IBKeywordSearch;
		};
/* End PBXContainerItemProxy section */

/* Begin PBXFileReference section */
		325475FF2B02DE870049C1A8 /* IBKeywordSearch.app */ = {isa = PBXFileReference; explicitFileType = wrapper.application; includeInIndex = 0; path = IBKeywordSearch.app; sourceTree = BUILT_PRODUCTS_DIR; };
		325476022B02DE870049C1A8 /* IBKeywordSearchApp.swift */ = {isa = PBXFileReference; lastKnownFileType = sourcecode.swift; path = IBKeywordSearchApp.swift; sourceTree = "<group>"; };
		325476042B02DE870049C1A8 /* ContentView.swift */ = {isa = PBXFileReference; lastKnownFileType = sourcecode.swift; path = ContentView.swift; sourceTree = "<group>"; };
		325476062B02DE8A0049C1A8 /* Assets.xcassets */ = {isa = PBXFileReference; lastKnownFileType = folder.assetcatalog; path = Assets.xcassets; sourceTree = "<group>"; };
		325476082B02DE8A0049C1A8 /* IBKeywordSearch.entitlements */ = {isa = PBXFileReference; lastKnownFileType = text.plist.entitlements; path = IBKeywordSearch.entitlements; sourceTree = "<group>"; };
		3254760A2B02DE8A0049C1A8 /* Preview Assets.xcassets */ = {isa = PBXFileReference; lastKnownFileType = folder.assetcatalog; path = "Preview Assets.xcassets"; sourceTree = "<group>"; };
		325476102B02DE8A0049C1A8 /* IBKeywordSearchTests.xctest */ = {isa = PBXFileReference; explicitFileType = wrapper.cfbundle; includeInIndex = 0; path = IBKeywordSearchTests.xctest; sourceTree = BUILT_PRODUCTS_DIR; };
		325476142B02DE8A0049C1A8 /* IBKeywordSearchTests.swift */ = {isa = PBXFileReference; lastKnownFileType = sourcecode.swift; path = IBKeywordSearchTests.swift; sourceTree = "<group>"; };
		3254761A2B02DE8A0049C1A8 /* IBKeywordSearchUITests.xctest */ = {isa = PBXFileReference; explicitFileType = wrapper.cfbundle; includeInIndex = 0; path = IBKeywordSearchUITests.xctest; sourceTree = BUILT_PRODUCTS_DIR; };
		3254761E2B02DE8A0049C1A8 /* IBKeywordSearchUITests.swift */ = {isa = PBXFileReference; lastKnownFileType = sourcecode.swift; path = IBKeywordSearchUITests.swift; sourceTree = "<group>"; };
		325476202B02DE8A0049C1A8 /* IBKeywordSearchUITestsLaunchTests.swift */ = {isa = PBXFileReference; lastKnownFileType = sourcecode.swift; path = IBKeywordSearchUITestsLaunchTests.swift; sourceTree = "<group>"; };
/* End PBXFileReference section */

/* Begin PBXFrameworksBuildPhase section */
		325475FC2B02DE870049C1A8 /* Frameworks */ = {
			isa = PBXFrameworksBuildPhase;
			buildActionMask = 2147483647;
			files = (
			);
			runOnlyForDeploymentPostprocessing = 0;
		};
		3254760D2B02DE8A0049C1A8 /* Frameworks */ = {
			isa = PBXFrameworksBuildPhase;
			buildActionMask = 2147483647;
			files = (
			);
			runOnlyForDeploymentPostprocessing = 0;
		};
		325476172B02DE8A0049C1A8 /* Frameworks */ = {
			isa = PBXFrameworksBuildPhase;
			buildActionMask = 2147483647;
			files = (
			);
			runOnlyForDeploymentPostprocessing = 0;
		};
/* End PBXFrameworksBuildPhase section */

/* Begin PBXGroup section */
		325475F62B02DE870049C1A8 = {
			isa = PBXGroup;
			children = (
				325476012B02DE870049C1A8 /* IBKeywordSearch */,
				325476132B02DE8A0049C1A8 /* IBKeywordSearchTests */,
				3254761D2B02DE8A0049C1A8 /* IBKeywordSearchUITests */,
				325476002B02DE870049C1A8 /* Products */,
			);
			sourceTree = "<group>";
		};
		325476002B02DE870049C1A8 /* Products */ = {
			isa = PBXGroup;
			children = (
				325475FF2B02DE870049C1A8 /* IBKeywordSearch.app */,
				325476102B02DE8A0049C1A8 /* IBKeywordSearchTests.xctest */,
				3254761A2B02DE8A0049C1A8 /* IBKeywordSearchUITests.xctest */,
			);
			name = Products;
			sourceTree = "<group>";
		};
		325476012B02DE870049C1A8 /* IBKeywordSearch */ = {
			isa = PBXGroup;
			children = (
				325476022B02DE870049C1A8 /* IBKeywordSearchApp.swift */,
				325476042B02DE870049C1A8 /* ContentView.swift */,
				325476062B02DE8A0049C1A8 /* Assets.xcassets */,
				325476082B02DE8A0049C1A8 /* IBKeywordSearch.entitlements */,
				325476092B02DE8A0049C1A8 /* Preview Content */,
			);
			path = IBKeywordSearch;
			sourceTree = "<group>";
		};
		325476092B02DE8A0049C1A8 /* Preview Content */ = {
			isa = PBXGroup;
			children = (
				3254760A2B02DE8A0049C1A8 /* Preview Assets.xcassets */,
			);
			path = "Preview Content";
			sourceTree = "<group>";
		};
		325476132B02DE8A0049C1A8 /* IBKeywordSearchTests */ = {
			isa = PBXGroup;
			children = (
				325476142B02DE8A0049C1A8 /* IBKeywordSearchTests.swift */,
			);
			path = IBKeywordSearchTests;
			sourceTree = "<group>";
		};
		3254761D2B02DE8A0049C1A8 /* IBKeywordSearchUITests */ = {
			isa = PBXGroup;
			children = (
				3254761E2B02DE8A0049C1A8 /* IBKeywordSearchUITests.swift */,
				325476202B02DE8A0049C1A8 /* IBKeywordSearchUITestsLaunchTests.swift */,
			);
			path = IBKeywordSearchUITests;
			sourceTree = "<group>";
		};
/* End PBXGroup section */

/* Begin PBXNativeTarget section */
		325475FE2B02DE870049C1A8 /* IBKeywordSearch */ = {
			isa = PBXNativeTarget;
			buildConfigurationList = 325476242B02DE8A0049C1A8 /* Build configuration list for PBXNativeTarget "IBKeywordSearch" */;
			buildPhases = (
				325475FB2B02DE870049C1A8 /* Sources */,
				325475FC2B02DE870049C1A8 /* Frameworks */,
				325475FD2B02DE870049C1A8 /* Resources */,
			);
			buildRules = (
			);
			dependencies = (
			);
			name = IBKeywordSearch;
			productName = IBKeywordSearch;
			productReference = 325475FF2B02DE870049C1A8 /* IBKeywordSearch.app */;
			productType = "com.apple.product-type.application";
		};
		3254760F2B02DE8A0049C1A8 /* IBKeywordSearchTests */ = {
			isa = PBXNativeTarget;
			buildConfigurationList = 325476272B02DE8A0049C1A8 /* Build configuration list for PBXNativeTarget "IBKeywordSearchTests" */;
			buildPhases = (
				3254760C2B02DE8A0049C1A8 /* Sources */,
				3254760D2B02DE8A0049C1A8 /* Frameworks */,
				3254760E2B02DE8A0049C1A8 /* Resources */,
			);
			buildRules = (
			);
			dependencies = (
				325476122B02DE8A0049C1A8 /* PBXTargetDependency */,
			);
			name = IBKeywordSearchTests;
			productName = IBKeywordSearchTests;
			productReference = 325476102B02DE8A0049C1A8 /* IBKeywordSearchTests.xctest */;
			productType = "com.apple.product-type.bundle.unit-test";
		};
		325476192B02DE8A0049C1A8 /* IBKeywordSearchUITests */ = {
			isa = PBXNativeTarget;
			buildConfigurationList = 3254762A2B02DE8A0049C1A8 /* Build configuration list for PBXNativeTarget "IBKeywordSearchUITests" */;
			buildPhases = (
				325476162B02DE8A0049C1A8 /* Sources */,
				325476172B02DE8A0049C1A8 /* Frameworks */,
				325476182B02DE8A0049C1A8 /* Resources */,
			);
			buildRules = (
			);
			dependencies = (
				3254761C2B02DE8A0049C1A8 /* PBXTargetDependency */,
			);
			name = IBKeywordSearchUITests;
			productName = IBKeywordSearchUITests;
			productReference = 3254761A2B02DE8A0049C1A8 /* IBKeywordSearchUITests.xctest */;
			productType = "com.apple.product-type.bundle.ui-testing";
		};
/* End PBXNativeTarget section */

/* Begin PBXProject section */
		325475F72B02DE870049C1A8 /* Project object */ = {
			isa = PBXProject;
			attributes = {
				BuildIndependentTargetsInParallel = 1;
				LastSwiftUpdateCheck = 1430;
				LastUpgradeCheck = 1430;
				TargetAttributes = {
					325475FE2B02DE870049C1A8 = {
						CreatedOnToolsVersion = 14.3.1;
					};
					3254760F2B02DE8A0049C1A8 = {
						CreatedOnToolsVersion = 14.3.1;
						TestTargetID = 325475FE2B02DE870049C1A8;
					};
					325476192B02DE8A0049C1A8 = {
						CreatedOnToolsVersion = 14.3.1;
						TestTargetID = 325475FE2B02DE870049C1A8;
					};
				};
			};
			buildConfigurationList = 325475FA2B02DE870049C1A8 /* Build configuration list for PBXProject "IBKeywordSearch" */;
			compatibilityVersion = "Xcode 14.0";
			developmentRegion = en;
			hasScannedForEncodings = 0;
			knownRegions = (
				en,
				Base,
			);
			mainGroup = 325475F62B02DE870049C1A8;
			productRefGroup = 325476002B02DE870049C1A8 /* Products */;
			projectDirPath = "";
			projectRoot = "";
			targets = (
				325475FE2B02DE870049C1A8 /* IBKeywordSearch */,
				3254760F2B02DE8A0049C1A8 /* IBKeywordSearchTests */,
				325476192B02DE8A0049C1A8 /* IBKeywordSearchUITests */,
			);
		};
/* End PBXProject section */

/* Begin PBXResourcesBuildPhase section */
		325475FD2B02DE870049C1A8 /* Resources */ = {
			isa = PBXResourcesBuildPhase;
			buildActionMask = 2147483647;
			files = (
				3254760B2B02DE8A0049C1A8 /* Preview Assets.xcassets in Resources */,
				325476072B02DE8A0049C1A8 /* Assets.xcassets in Resources */,
			);
			runOnlyForDeploymentPostprocessing = 0;
		};
		3254760E2B02DE8A0049C1A8 /* Resources */ = {
			isa = PBXResourcesBuildPhase;
			buildActionMask = 2147483647;
			files = (
			);
			runOnlyForDeploymentPostprocessing = 0;
		};
		325476182B02DE8A0049C1A8 /* Resources */ = {
			isa = PBXResourcesBuildPhase;
			buildActionMask = 2147483647;
			files = (
			);
			runOnlyForDeploymentPostprocessing = 0;
		};
/* End PBXResourcesBuildPhase section */

/* Begin PBXSourcesBuildPhase section */
		325475FB2B02DE870049C1A8 /* Sources */ = {
			isa = PBXSourcesBuildPhase;
			buildActionMask = 2147483647;
			files = (
				325476052B02DE870049C1A8 /* ContentView.swift in Sources */,
				325476032B02DE870049C1A8 /* IBKeywordSearchApp.swift in Sources */,
			);
			runOnlyForDeploymentPostprocessing = 0;
		};
		3254760C2B02DE8A0049C1A8 /* Sources */ = {
			isa = PBXSourcesBuildPhase;
			buildActionMask = 2147483647;
			files = (
				325476152B02DE8A0049C1A8 /* IBKeywordSearchTests.swift in Sources */,
			);
			runOnlyForDeploymentPostprocessing = 0;
		};
		325476162B02DE8A0049C1A8 /* Sources */ = {
			isa = PBXSourcesBuildPhase;
			buildActionMask = 2147483647;
			files = (
				3254761F2B02DE8A0049C1A8 /* IBKeywordSearchUITests.swift in Sources */,
				325476212B02DE8A0049C1A8 /* IBKeywordSearchUITestsLaunchTests.swift in Sources */,
			);
			runOnlyForDeploymentPostprocessing = 0;
		};
/* End PBXSourcesBuildPhase section */

/* Begin PBXTargetDependency section */
		325476122B02DE8A0049C1A8 /* PBXTargetDependency */ = {
			isa = PBXTargetDependency;
			target = 325475FE2B02DE870049C1A8 /* IBKeywordSearch */;
			targetProxy = 325476112B02DE8A0049C1A8 /* PBXContainerItemProxy */;
		};
		3254761C2B02DE8A0049C1A8 /* PBXTargetDependency */ = {
			isa = PBXTargetDependency;
			target = 325475FE2B02DE870049C1A8 /* IBKeywordSearch */;
			targetProxy = 3254761B2B02DE8A0049C1A8 /* PBXContainerItemProxy */;
		};
/* End PBXTargetDependency section */

/* Begin XCBuildConfiguration section */
		325476222B02DE8A0049C1A8 /* Debug */ = {
			isa = XCBuildConfiguration;
			buildSettings = {
				ALWAYS_SEARCH_USER_PATHS = NO;
				CLANG_ANALYZER_NONNULL = YES;
				CLANG_ANALYZER_NUMBER_OBJECT_CONVERSION = YES_AGGRESSIVE;
				CLANG_CXX_LANGUAGE_STANDARD = "gnu++20";
				CLANG_ENABLE_MODULES = YES;
				CLANG_ENABLE_OBJC_ARC = YES;
				CLANG_ENABLE_OBJC_WEAK = YES;
				CLANG_WARN_BLOCK_CAPTURE_AUTORELEASING = YES;
				CLANG_WARN_BOOL_CONVERSION = YES;
				CLANG_WARN_COMMA = YES;
				CLANG_WARN_CONSTANT_CONVERSION = YES;
				CLANG_WARN_DEPRECATED_OBJC_IMPLEMENTATIONS = YES;
				CLANG_WARN_DIRECT_OBJC_ISA_USAGE = YES_ERROR;
				CLANG_WARN_DOCUMENTATION_COMMENTS = YES;
				CLANG_WARN_EMPTY_BODY = YES;
				CLANG_WARN_ENUM_CONVERSION = YES;
				CLANG_WARN_INFINITE_RECURSION = YES;
				CLANG_WARN_INT_CONVERSION = YES;
				CLANG_WARN_NON_LITERAL_NULL_CONVERSION = YES;
				CLANG_WARN_OBJC_IMPLICIT_RETAIN_SELF = YES;
				CLANG_WARN_OBJC_LITERAL_CONVERSION = YES;
				CLANG_WARN_OBJC_ROOT_CLASS = YES_ERROR;
				CLANG_WARN_QUOTED_INCLUDE_IN_FRAMEWORK_HEADER = YES;
				CLANG_WARN_RANGE_LOOP_ANALYSIS = YES;
				CLANG_WARN_STRICT_PROTOTYPES = YES;
				CLANG_WARN_SUSPICIOUS_MOVE = YES;
				CLANG_WARN_UNGUARDED_AVAILABILITY = YES_AGGRESSIVE;
				CLANG_WARN_UNREACHABLE_CODE = YES;
				CLANG_WARN__DUPLICATE_METHOD_MATCH = YES;
				COPY_PHASE_STRIP = NO;
				DEBUG_INFORMATION_FORMAT = dwarf;
				ENABLE_STRICT_OBJC_MSGSEND = YES;
				ENABLE_TESTABILITY = YES;
				GCC_C_LANGUAGE_STANDARD = gnu11;
				GCC_DYNAMIC_NO_PIC = NO;
				GCC_NO_COMMON_BLOCKS = YES;
				GCC_OPTIMIZATION_LEVEL = 0;
				GCC_PREPROCESSOR_DEFINITIONS = (
					"DEBUG=1",
					"$(inherited)",
				);
				GCC_WARN_64_TO_32_BIT_CONVERSION = YES;
				GCC_WARN_ABOUT_RETURN_TYPE = YES_ERROR;
				GCC_WARN_UNDECLARED_SELECTOR = YES;
				GCC_WARN_UNINITIALIZED_AUTOS = YES_AGGRESSIVE;
				GCC_WARN_UNUSED_FUNCTION = YES;
				GCC_WARN_UNUSED_VARIABLE = YES;
				MTL_ENABLE_DEBUG_INFO = INCLUDE_SOURCE;
				MTL_FAST_MATH = YES;
				ONLY_ACTIVE_ARCH = YES;
				SWIFT_ACTIVE_COMPILATION_CONDITIONS = DEBUG;
				SWIFT_OPTIMIZATION_LEVEL = "-Onone";
			};
			name = Debug;
		};
		325476232B02DE8A0049C1A8 /* Release */ = {
			isa = XCBuildConfiguration;
			buildSettings = {
				ALWAYS_SEARCH_USER_PATHS = NO;
				CLANG_ANALYZER_NONNULL = YES;
				CLANG_ANALYZER_NUMBER_OBJECT_CONVERSION = YES_AGGRESSIVE;
				CLANG_CXX_LANGUAGE_STANDARD = "gnu++20";
				CLANG_ENABLE_MODULES = YES;
				CLANG_ENABLE_OBJC_ARC = YES;
				CLANG_ENABLE_OBJC_WEAK = YES;
				CLANG_WARN_BLOCK_CAPTURE_AUTORELEASING = YES;
				CLANG_WARN_BOOL_CONVERSION = YES;
				CLANG_WARN_COMMA = YES;
				CLANG_WARN_CONSTANT_CONVERSION = YES;
				CLANG_WARN_DEPRECATED_OBJC_IMPLEMENTATIONS = YES;
				CLANG_WARN_DIRECT_OBJC_ISA_USAGE = YES_ERROR;
				CLANG_WARN_DOCUMENTATION_COMMENTS = YES;
				CLANG_WARN_EMPTY_BODY = YES;
				CLANG_WARN_ENUM_CONVERSION = YES;
				CLANG_WARN_INFINITE_RECURSION = YES;
				CLANG_WARN_INT_CONVERSION = YES;
				CLANG_WARN_NON_LITERAL_NULL_CONVERSION = YES;
				CLANG_WARN_OBJC_IMPLICIT_RETAIN_SELF = YES;
				CLANG_WARN_OBJC_LITERAL_CONVERSION = YES;
				CLANG_WARN_OBJC_ROOT_CLASS = YES_ERROR;
				CLANG_WARN_QUOTED_INCLUDE_IN_FRAMEWORK_HEADER = YES;
				CLANG_WARN_RANGE_LOOP_ANALYSIS = YES;
				CLANG_WARN_STRICT_PROTOTYPES = YES;
				CLANG_WARN_SUSPICIOUS_MOVE = YES;
				CLANG_WARN_UNGUARDED_AVAILABILITY = YES_AGGRESSIVE;
				CLANG_WARN_UNREACHABLE_CODE = YES;
				CLANG_WARN__DUPLICATE_METHOD_MATCH = YES;
				COPY_PHASE_STRIP = NO;
				DEBUG_INFORMATION_FORMAT = "dwarf-with-dsym";
				ENABLE_NS_ASSERTIONS = NO;
				ENABLE_STRICT_OBJC_MSGSEND = YES;
				GCC_C_LANGUAGE_STANDARD = gnu11;
				GCC_NO_COMMON_BLOCKS = YES;
				GCC_WARN_64_TO_32_BIT_CONVERSION = YES;
				GCC_WARN_ABOUT_RETURN_TYPE = YES_ERROR;
				GCC_WARN_UNDECLARED_SELECTOR = YES;
				GCC_WARN_UNINITIALIZED_AUTOS = YES_AGGRESSIVE;
				GCC_WARN_UNUSED_FUNCTION = YES;
				GCC_WARN_UNUSED_VARIABLE = YES;
				MTL_ENABLE_DEBUG_INFO = NO;
				MTL_FAST_MATH = YES;
				SWIFT_COMPILATION_MODE = wholemodule;
				SWIFT_OPTIMIZATION_LEVEL = "-O";
			};
			name = Release;
		};
		325476252B02DE8A0049C1A8 /* Debug */ = {
			isa = XCBuildConfiguration;
			buildSettings = {
				ASSETCATALOG_COMPILER_APPICON_NAME = AppIcon;
				ASSETCATALOG_COMPILER_GLOBAL_ACCENT_COLOR_NAME = AccentColor;
				CODE_SIGN_ENTITLEMENTS = IBKeywordSearch/IBKeywordSearch.entitlements;
				CODE_SIGN_STYLE = Automatic;
				CURRENT_PROJECT_VERSION = 1;
				DEVELOPMENT_ASSET_PATHS = "\"IBKeywordSearch/Preview Content\"";
				DEVELOPMENT_TEAM = T6K72MM4QS;
				ENABLE_HARDENED_RUNTIME = YES;
				ENABLE_PREVIEWS = YES;
				GENERATE_INFOPLIST_FILE = YES;
				"INFOPLIST_KEY_UIApplicationSceneManifest_Generation[sdk=iphoneos*]" = YES;
				"INFOPLIST_KEY_UIApplicationSceneManifest_Generation[sdk=iphonesimulator*]" = YES;
				"INFOPLIST_KEY_UIApplicationSupportsIndirectInputEvents[sdk=iphoneos*]" = YES;
				"INFOPLIST_KEY_UIApplicationSupportsIndirectInputEvents[sdk=iphonesimulator*]" = YES;
				"INFOPLIST_KEY_UILaunchScreen_Generation[sdk=iphoneos*]" = YES;
				"INFOPLIST_KEY_UILaunchScreen_Generation[sdk=iphonesimulator*]" = YES;
				"INFOPLIST_KEY_UIStatusBarStyle[sdk=iphoneos*]" = UIStatusBarStyleDefault;
				"INFOPLIST_KEY_UIStatusBarStyle[sdk=iphonesimulator*]" = UIStatusBarStyleDefault;
				INFOPLIST_KEY_UISupportedInterfaceOrientations_iPad = "UIInterfaceOrientationPortrait UIInterfaceOrientationPortraitUpsideDown UIInterfaceOrientationLandscapeLeft UIInterfaceOrientationLandscapeRight";
				INFOPLIST_KEY_UISupportedInterfaceOrientations_iPhone = "UIInterfaceOrientationPortrait UIInterfaceOrientationLandscapeLeft UIInterfaceOrientationLandscapeRight";
				IPHONEOS_DEPLOYMENT_TARGET = 16.4;
				LD_RUNPATH_SEARCH_PATHS = "@executable_path/Frameworks";
				"LD_RUNPATH_SEARCH_PATHS[sdk=macosx*]" = "@executable_path/../Frameworks";
				MACOSX_DEPLOYMENT_TARGET = 13.2;
				MARKETING_VERSION = 1.0;
				PRODUCT_BUNDLE_IDENTIFIER = personal.IBKeywordSearch;
				PRODUCT_NAME = "$(TARGET_NAME)";
				SDKROOT = auto;
				SUPPORTED_PLATFORMS = "iphoneos iphonesimulator macosx";
				SWIFT_EMIT_LOC_STRINGS = YES;
				SWIFT_VERSION = 5.0;
				TARGETED_DEVICE_FAMILY = "1,2";
			};
			name = Debug;
		};
		325476262B02DE8A0049C1A8 /* Release */ = {
			isa = XCBuildConfiguration;
			buildSettings = {
				ASSETCATALOG_COMPILER_APPICON_NAME = AppIcon;
				ASSETCATALOG_COMPILER_GLOBAL_ACCENT_COLOR_NAME = AccentColor;
				CODE_SIGN_ENTITLEMENTS = IBKeywordSearch/IBKeywordSearch.entitlements;
				CODE_SIGN_STYLE = Automatic;
				CURRENT_PROJECT_VERSION = 1;
				DEVELOPMENT_ASSET_PATHS = "\"IBKeywordSearch/Preview Content\"";
				DEVELOPMENT_TEAM = T6K72MM4QS;
				ENABLE_HARDENED_RUNTIME = YES;
				ENABLE_PREVIEWS = YES;
				GENERATE_INFOPLIST_FILE = YES;
				"INFOPLIST_KEY_UIApplicationSceneManifest_Generation[sdk=iphoneos*]" = YES;
				"INFOPLIST_KEY_UIApplicationSceneManifest_Generation[sdk=iphonesimulator*]" = YES;
				"INFOPLIST_KEY_UIApplicationSupportsIndirectInputEvents[sdk=iphoneos*]" = YES;
				"INFOPLIST_KEY_UIApplicationSupportsIndirectInputEvents[sdk=iphonesimulator*]" = YES;
				"INFOPLIST_KEY_UILaunchScreen_Generation[sdk=iphoneos*]" = YES;
				"INFOPLIST_KEY_UILaunchScreen_Generation[sdk=iphonesimulator*]" = YES;
				"INFOPLIST_KEY_UIStatusBarStyle[sdk=iphoneos*]" = UIStatusBarStyleDefault;
				"INFOPLIST_KEY_UIStatusBarStyle[sdk=iphonesimulator*]" = UIStatusBarStyleDefault;
				INFOPLIST_KEY_UISupportedInterfaceOrientations_iPad = "UIInterfaceOrientationPortrait UIInterfaceOrientationPortraitUpsideDown UIInterfaceOrientationLandscapeLeft UIInterfaceOrientationLandscapeRight";
				INFOPLIST_KEY_UISupportedInterfaceOrientations_iPhone = "UIInterfaceOrientationPortrait UIInterfaceOrientationLandscapeLeft UIInterfaceOrientationLandscapeRight";
				IPHONEOS_DEPLOYMENT_TARGET = 16.4;
				LD_RUNPATH_SEARCH_PATHS = "@executable_path/Frameworks";
				"LD_RUNPATH_SEARCH_PATHS[sdk=macosx*]" = "@executable_path/../Frameworks";
				MACOSX_DEPLOYMENT_TARGET = 13.2;
				MARKETING_VERSION = 1.0;
				PRODUCT_BUNDLE_IDENTIFIER = personal.IBKeywordSearch;
				PRODUCT_NAME = "$(TARGET_NAME)";
				SDKROOT = auto;
				SUPPORTED_PLATFORMS = "iphoneos iphonesimulator macosx";
				SWIFT_EMIT_LOC_STRINGS = YES;
				SWIFT_VERSION = 5.0;
				TARGETED_DEVICE_FAMILY = "1,2";
			};
			name = Release;
		};
		325476282B02DE8A0049C1A8 /* Debug */ = {
			isa = XCBuildConfiguration;
			buildSettings = {
				ALWAYS_EMBED_SWIFT_STANDARD_LIBRARIES = YES;
				BUNDLE_LOADER = "$(TEST_HOST)";
				CODE_SIGN_STYLE = Automatic;
				CURRENT_PROJECT_VERSION = 1;
				DEVELOPMENT_TEAM = T6K72MM4QS;
				GENERATE_INFOPLIST_FILE = YES;
				IPHONEOS_DEPLOYMENT_TARGET = 16.4;
				MACOSX_DEPLOYMENT_TARGET = 13.2;
				MARKETING_VERSION = 1.0;
				PRODUCT_BUNDLE_IDENTIFIER = personal.IBKeywordSearchTests;
				PRODUCT_NAME = "$(TARGET_NAME)";
				SDKROOT = auto;
				SUPPORTED_PLATFORMS = "iphoneos iphonesimulator macosx";
				SWIFT_EMIT_LOC_STRINGS = NO;
				SWIFT_VERSION = 5.0;
				TARGETED_DEVICE_FAMILY = "1,2";
				TEST_HOST = "$(BUILT_PRODUCTS_DIR)/IBKeywordSearch.app/$(BUNDLE_EXECUTABLE_FOLDER_PATH)/IBKeywordSearch";
			};
			name = Debug;
		};
		325476292B02DE8A0049C1A8 /* Release */ = {
			isa = XCBuildConfiguration;
			buildSettings = {
				ALWAYS_EMBED_SWIFT_STANDARD_LIBRARIES = YES;
				BUNDLE_LOADER = "$(TEST_HOST)";
				CODE_SIGN_STYLE = Automatic;
				CURRENT_PROJECT_VERSION = 1;
				DEVELOPMENT_TEAM = T6K72MM4QS;
				GENERATE_INFOPLIST_FILE = YES;
				IPHONEOS_DEPLOYMENT_TARGET = 16.4;
				MACOSX_DEPLOYMENT_TARGET = 13.2;
				MARKETING_VERSION = 1.0;
				PRODUCT_BUNDLE_IDENTIFIER = personal.IBKeywordSearchTests;
				PRODUCT_NAME = "$(TARGET_NAME)";
				SDKROOT = auto;
				SUPPORTED_PLATFORMS = "iphoneos iphonesimulator macosx";
				SWIFT_EMIT_LOC_STRINGS = NO;
				SWIFT_VERSION = 5.0;
				TARGETED_DEVICE_FAMILY = "1,2";
				TEST_HOST = "$(BUILT_PRODUCTS_DIR)/IBKeywordSearch.app/$(BUNDLE_EXECUTABLE_FOLDER_PATH)/IBKeywordSearch";
			};
			name = Release;
		};
		3254762B2B02DE8A0049C1A8 /* Debug */ = {
			isa = XCBuildConfiguration;
			buildSettings = {
				ALWAYS_EMBED_SWIFT_STANDARD_LIBRARIES = YES;
				CODE_SIGN_STYLE = Automatic;
				CURRENT_PROJECT_VERSION = 1;
				DEVELOPMENT_TEAM = T6K72MM4QS;
				GENERATE_INFOPLIST_FILE = YES;
				IPHONEOS_DEPLOYMENT_TARGET = 16.4;
				MACOSX_DEPLOYMENT_TARGET = 13.2;
				MARKETING_VERSION = 1.0;
				PRODUCT_BUNDLE_IDENTIFIER = personal.IBKeywordSearchUITests;
				PRODUCT_NAME = "$(TARGET_NAME)";
				SDKROOT = auto;
				SUPPORTED_PLATFORMS = "iphoneos iphonesimulator macosx";
				SWIFT_EMIT_LOC_STRINGS = NO;
				SWIFT_VERSION = 5.0;
				TARGETED_DEVICE_FAMILY = "1,2";
				TEST_TARGET_NAME = IBKeywordSearch;
			};
			name = Debug;
		};
		3254762C2B02DE8A0049C1A8 /* Release */ = {
			isa = XCBuildConfiguration;
			buildSettings = {
				ALWAYS_EMBED_SWIFT_STANDARD_LIBRARIES = YES;
				CODE_SIGN_STYLE = Automatic;
				CURRENT_PROJECT_VERSION = 1;
				DEVELOPMENT_TEAM = T6K72MM4QS;
				GENERATE_INFOPLIST_FILE = YES;
				IPHONEOS_DEPLOYMENT_TARGET = 16.4;
				MACOSX_DEPLOYMENT_TARGET = 13.2;
				MARKETING_VERSION = 1.0;
				PRODUCT_BUNDLE_IDENTIFIER = personal.IBKeywordSearchUITests;
				PRODUCT_NAME = "$(TARGET_NAME)";
				SDKROOT = auto;
				SUPPORTED_PLATFORMS = "iphoneos iphonesimulator macosx";
				SWIFT_EMIT_LOC_STRINGS = NO;
				SWIFT_VERSION = 5.0;
				TARGETED_DEVICE_FAMILY = "1,2";
				TEST_TARGET_NAME = IBKeywordSearch;
			};
			name = Release;
		};
/* End XCBuildConfiguration section */

/* Begin XCConfigurationList section */
		325475FA2B02DE870049C1A8 /* Build configuration list for PBXProject "IBKeywordSearch" */ = {
			isa = XCConfigurationList;
			buildConfigurations = (
				325476222B02DE8A0049C1A8 /* Debug */,
				325476232B02DE8A0049C1A8 /* Release */,
			);
			defaultConfigurationIsVisible = 0;
			defaultConfigurationName = Release;
		};
		325476242B02DE8A0049C1A8 /* Build configuration list for PBXNativeTarget "IBKeywordSearch" */ = {
			isa = XCConfigurationList;
			buildConfigurations = (
				325476252B02DE8A0049C1A8 /* Debug */,
				325476262B02DE8A0049C1A8 /* Release */,
			);
			defaultConfigurationIsVisible = 0;
			defaultConfigurationName = Release;
		};
		325476272B02DE8A0049C1A8 /* Build configuration list for PBXNativeTarget "IBKeywordSearchTests" */ = {
			isa = XCConfigurationList;
			buildConfigurations = (
				325476282B02DE8A0049C1A8 /* Debug */,
				325476292B02DE8A0049C1A8 /* Release */,
			);
			defaultConfigurationIsVisible = 0;
			defaultConfigurationName = Release;
		};
		3254762A2B02DE8A0049C1A8 /* Build configuration list for PBXNativeTarget "IBKeywordSearchUITests" */ = {
			isa = XCConfigurationList;
			buildConfigurations = (
				3254762B2B02DE8A0049C1A8 /* Debug */,
				3254762C2B02DE8A0049C1A8 /* Release */,
			);
			defaultConfigurationIsVisible = 0;
			defaultConfigurationName = Release;
		};
/* End XCConfigurationList section */
	};
	rootObject = 325475F72B02DE870049C1A8 /* Project object */;
}
